
Microsoft Visual Studio Solution File, Format Version 12.00
# Visual Studio 15
VisualStudioVersion = 15.0.26730.3
MinimumVisualStudioVersion = 10.0.40219.1
Project("{FAE04EC0-301F-11D3-BF4B-00C04F79EFBC}") = "Debit card number", "Debit card number\Debit card number.csproj", "{A911ABD3-D870-4A1E-96F3-26DEC418BF00}"
EndProject
Project("{FAE04EC0-301F-11D3-BF4B-00C04F79EFBC}") = "Rectangle area", "Rectangle area\Rectangle area.csproj", "{17088268-69B4-4637-9C07-EA5B52E63763}"
EndProject
Project("{FAE04EC0-301F-11D3-BF4B-00C04F79EFBC}") = "Miles to Kilometers", "Miles to Kilometers\Miles to Kilometers.csproj", "{1020AABA-2A08-46A5-893A-F7807D75C135}"
EndProject
Project("{FAE04EC0-301F-11D3-BF4B-00C04F79EFBC}") = "Beverage labels", "Beverage labels\Beverage labels.csproj", "{8FEE1C0F-598B-4177-9F44-152B5767B353}"
EndProject
Project("{FAE04EC0-301F-11D3-BF4B-00C04F79EFBC}") = "Character Stats", "Character Stats\Character Stats.csproj", "{9A5BDFBF-3F76-4FEB-9479-4CFC27BC31FF}"
EndProject
Global
	GlobalSection(SolutionConfigurationPlatforms) = preSolution
		Debug|Any CPU = Debug|Any CPU
		Release|Any CPU = Release|Any CPU
	EndGlobalSection
	GlobalSection(ProjectConfigurationPlatforms) = postSolution
		{A911ABD3-D870-4A1E-96F3-26DEC418BF00}.Debug|Any CPU.ActiveCfg = Debug|Any CPU
		{A911ABD3-D870-4A1E-96F3-26DEC418BF00}.Debug|Any CPU.Build.0 = Debug|Any CPU
		{A911ABD3-D870-4A1E-96F3-26DEC418BF00}.Release|Any CPU.ActiveCfg = Release|Any CPU
		{A911ABD3-D870-4A1E-96F3-26DEC418BF00}.Release|Any CPU.Build.0 = Release|Any CPU
		{17088268-69B4-4637-9C07-EA5B52E63763}.Debug|Any CPU.ActiveCfg = Debug|Any CPU
		{17088268-69B4-4637-9C07-EA5B52E63763}.Debug|Any CPU.Build.0 = Debug|Any CPU
		{17088268-69B4-4637-9C07-EA5B52E63763}.Release|Any CPU.ActiveCfg = Release|Any CPU
		{17088268-69B4-4637-9C07-EA5B52E63763}.Release|Any CPU.Build.0 = Release|Any CPU
		{1020AABA-2A08-46A5-893A-F7807D75C135}.Debug|Any CPU.ActiveCfg = Debug|Any CPU
		{1020AABA-2A08-46A5-893A-F7807D75C135}.Debug|Any CPU.Build.0 = Debug|Any CPU
		{1020AABA-2A08-46A5-893A-F7807D75C135}.Release|Any CPU.ActiveCfg = Release|Any CPU
		{1020AABA-2A08-46A5-893A-F7807D75C135}.Release|Any CPU.Build.0 = Release|Any CPU
		{8FEE1C0F-598B-4177-9F44-152B5767B353}.Debug|Any CPU.ActiveCfg = Debug|Any CPU
		{8FEE1C0F-598B-4177-9F44-152B5767B353}.Debug|Any CPU.Build.0 = Debug|Any CPU
		{8FEE1C0F-598B-4177-9F44-152B5767B353}.Release|Any CPU.ActiveCfg = Release|Any CPU
		{8FEE1C0F-598B-4177-9F44-152B5767B353}.Release|Any CPU.Build.0 = Release|Any CPU
		{9A5BDFBF-3F76-4FEB-9479-4CFC27BC31FF}.Debug|Any CPU.ActiveCfg = Debug|Any CPU
		{9A5BDFBF-3F76-4FEB-9479-4CFC27BC31FF}.Debug|Any CPU.Build.0 = Debug|Any CPU
		{9A5BDFBF-3F76-4FEB-9479-4CFC27BC31FF}.Release|Any CPU.ActiveCfg = Release|Any CPU
		{9A5BDFBF-3F76-4FEB-9479-4CFC27BC31FF}.Release|Any CPU.Build.0 = Release|Any CPU
	EndGlobalSection
	GlobalSection(SolutionProperties) = preSolution
		HideSolutionNode = FALSE
	EndGlobalSection
	GlobalSection(ExtensibilityGlobals) = postSolution
		SolutionGuid = {6F58A35E-6207-441B-808F-7EFEBF621E41}
	EndGlobalSection
EndGlobal
